<?xml version="1.0" encoding="utf-8"?>
<Project ToolsVersion="4.0" xmlns="http://schemas.microsoft.com/developer/msbuild/2003">
  <ItemGroup>
    <Filter Include="Source Files">
      <UniqueIdentifier>{4FC737F1-C7A5-4376-A066-2A32D752A2FF}</UniqueIdentifier>
      <Extensions>cpp;cxx;c;def</Extensions>
    </Filter>
    <Filter Include="Header Files">
      <UniqueIdentifier>{93995380-89BD-4b04-88EB-625FBE52EBFB}</UniqueIdentifier>
      <Extensions>h</Extensions>
    </Filter>
    <Filter Include="Form Files">
      <UniqueIdentifier>{99349809-55BA-4b9d-BF79-8FDBB0286EB3}</UniqueIdentifier>
      <Extensions>ui</Extensions>
    </Filter>
    <Filter Include="Resource Files">
      <UniqueIdentifier>{D9D6E242-F8AF-46E4-B9FD-80ECBC20BA3E}</UniqueIdentifier>
      <Extensions>qrc;*</Extensions>
      <ParseFiles>false</ParseFiles>
    </Filter>
    <Filter Include="Generated Files">
      <UniqueIdentifier>{71ED8ED8-ACB9-4CE9-BBE1-E00B30144E11}</UniqueIdentifier>
      <Extensions>moc;h;cpp</Extensions>
      <SourceControlFiles>False</SourceControlFiles>
    </Filter>
    <Filter Include="Generated Files\Debug">
      <UniqueIdentifier>{6c7d56b6-2f2a-418e-a733-0df6c2cb6662}</UniqueIdentifier>
      <Extensions>cpp;moc</Extensions>
      <SourceControlFiles>False</SourceControlFiles>
    </Filter>
    <Filter Include="Generated Files\Release">
      <UniqueIdentifier>{f62a7cd7-ad1d-4bb3-9c4d-17dae06be6dd}</UniqueIdentifier>
      <Extensions>cpp;moc</Extensions>
      <SourceControlFiles>False</SourceControlFiles>
    </Filter>
    <Filter Include="Header Files\heap">
      <UniqueIdentifier>{75c54c34-003d-46e3-9b01-75d7737d092d}</UniqueIdentifier>
    </Filter>
    <Filter Include="Header Files\metric">
      <UniqueIdentifier>{40841ab6-a70a-4467-993b-37c6d8071759}</UniqueIdentifier>
    </Filter>
    <Filter Include="Source Files\heap">
      <UniqueIdentifier>{89682670-f7e5-4bb3-9ad8-411ea5cdbe79}</UniqueIdentifier>
    </Filter>
    <Filter Include="Source Files\metric">
      <UniqueIdentifier>{061a0d01-9e1a-4fe7-b4c1-5174b21f94c4}</UniqueIdentifier>
    </Filter>
  </ItemGroup>
  <ItemGroup>
    <ClCompile Include="main.cpp">
      <Filter>Source Files</Filter>
    </ClCompile>
    <ClCompile Include="shaperenderqt.cpp">
      <Filter>Source Files</Filter>
    </ClCompile>
    <ClCompile Include="GeneratedFiles\qrc_shaperenderqt.cpp">
      <Filter>Generated Files</Filter>
    </ClCompile>
    <ClCompile Include="kdtree.c">
      <Filter>Source Files</Filter>
    </ClCompile>
    <ClCompile Include="acvt_mesh.cpp">
      <Filter>Source Files</Filter>
    </ClCompile>
    <ClCompile Include="ALGraph.cpp">
      <Filter>Source Files</Filter>
    </ClCompile>
    <ClCompile Include="CrestLine.cpp">
      <Filter>Source Files</Filter>
    </ClCompile>
    <ClCompile Include="DualQEM.cpp">
      <Filter>Source Files</Filter>
    </ClCompile>
    <ClCompile Include="GeometryElement.cpp">
      <Filter>Source Files</Filter>
    </ClCompile>
    <ClCompile Include="glwidget.cpp">
      <Filter>Source Files</Filter>
    </ClCompile>
    <ClCompile Include="glwidgetsettings.cpp">
      <Filter>Source Files</Filter>
    </ClCompile>
    <ClCompile Include="PLYReader.cpp">
      <Filter>Source Files</Filter>
    </ClCompile>
    <ClCompile Include="tools.cpp">
      <Filter>Source Files</Filter>
    </ClCompile>
    <ClCompile Include="VertexQuadrics.cpp">
      <Filter>Source Files</Filter>
    </ClCompile>
    <ClCompile Include="GeneratedFiles\Debug\moc_glwidget.cpp">
      <Filter>Generated Files\Debug</Filter>
    </ClCompile>
    <ClCompile Include="GeneratedFiles\Debug\moc_shaperenderqt.cpp">
      <Filter>Generated Files\Debug</Filter>
    </ClCompile>
    <ClCompile Include="include\qslim\heap\MxHeap.cxx">
      <Filter>Source Files\heap</Filter>
    </ClCompile>
    <ClCompile Include="include\qslim\metric\mat2.cxx">
      <Filter>Source Files\metric</Filter>
    </ClCompile>
    <ClCompile Include="include\qslim\metric\mat3.cxx">
      <Filter>Source Files\metric</Filter>
    </ClCompile>
    <ClCompile Include="include\qslim\metric\mat4.cxx">
      <Filter>Source Files\metric</Filter>
    </ClCompile>
    <ClCompile Include="include\qslim\metric\mixmops.cxx">
      <Filter>Source Files\metric</Filter>
    </ClCompile>
    <ClCompile Include="include\qslim\metric\mixmsg.cxx">
      <Filter>Source Files\metric</Filter>
    </ClCompile>
    <ClCompile Include="include\qslim\metric\MxMatrix.cxx">
      <Filter>Source Files\metric</Filter>
    </ClCompile>
    <ClCompile Include="include\qslim\metric\MxQMetric.cxx">
      <Filter>Source Files\metric</Filter>
    </ClCompile>
    <ClCompile Include="include\qslim\metric\MxQMetric3.cxx">
      <Filter>Source Files\metric</Filter>
    </ClCompile>
    <ClCompile Include="include\qslim\metric\time.cxx">
      <Filter>Source Files\metric</Filter>
    </ClCompile>
  </ItemGroup>
  <ItemGroup>
    <CustomBuild Include="shaperenderqt.h">
      <Filter>Header Files</Filter>
    </CustomBuild>
    <CustomBuild Include="shaperenderqt.ui">
      <Filter>Form Files</Filter>
    </CustomBuild>
    <CustomBuild Include="shaperenderqt.qrc">
      <Filter>Resource Files</Filter>
    </CustomBuild>
    <CustomBuild Include="glwidget.h">
      <Filter>Header Files</Filter>
    </CustomBuild>
  </ItemGroup>
  <ItemGroup>
    <ClInclude Include="GeneratedFiles\ui_shaperenderqt.h">
      <Filter>Generated Files</Filter>
    </ClInclude>
    <ClInclude Include="acvt_mesh.h">
      <Filter>Header Files</Filter>
    </ClInclude>
    <ClInclude Include="ALGraph.h">
      <Filter>Header Files</Filter>
    </ClInclude>
    <ClInclude Include="cluster.h">
      <Filter>Header Files</Filter>
    </ClInclude>
    <ClInclude Include="CrestLine.h">
      <Filter>Header Files</Filter>
    </ClInclude>
    <ClInclude Include="DualQEM.h">
      <Filter>Header Files</Filter>
    </ClInclude>
    <ClInclude Include="GeometryElement.h">
      <Filter>Header Files</Filter>
    </ClInclude>
    <ClInclude Include="global.h">
      <Filter>Header Files</Filter>
    </ClInclude>
    <ClInclude Include="glwidgetsettings.h">
      <Filter>Header Files</Filter>
    </ClInclude>
    <ClInclude Include="kdtree.h">
      <Filter>Header Files</Filter>
    </ClInclude>
    <ClInclude Include="PLYReader.h">
      <Filter>Header Files</Filter>
    </ClInclude>
    <ClInclude Include="PLYWriter.h">
      <Filter>Header Files</Filter>
    </ClInclude>
    <ClInclude Include="tools.h">
      <Filter>Header Files</Filter>
    </ClInclude>
    <ClInclude Include="VertexQuadrics.h">
      <Filter>Header Files</Filter>
    </ClInclude>
    <ClInclude Include="include\qslim\heap\MxHeap.h">
      <Filter>Header Files\heap</Filter>
    </ClInclude>
    <ClInclude Include="include\qslim\metric\MxQMetric.h">
      <Filter>Header Files\metric</Filter>
    </ClInclude>
  </ItemGroup>
</Project>